
Microsoft Visual Studio Solution File, Format Version 12.00
# Visual Studio Version 16
VisualStudioVersion = 16.0.30907.101
MinimumVisualStudioVersion = 10.0.40219.1
Project("{FAE04EC0-301F-11D3-BF4B-00C04F79EFBC}") = "WcfService", "WcfService\WcfService.csproj", "{CDEDB44B-B190-4851-8FC1-03FFD2CE04C9}"
EndProject
Project("{FAE04EC0-301F-11D3-BF4B-00C04F79EFBC}") = "Data", "Data\Data.csproj", "{19B7FF8F-081A-47B5-8CFB-558041DDD75D}"
EndProject
Project("{FAE04EC0-301F-11D3-BF4B-00C04F79EFBC}") = "ApplicationService", "ApplicationService\ApplicationService.csproj", "{F7B03603-A21C-45A9-91B5-49CCCC3E1CE6}"
EndProject
Project("{2150E333-8FDC-42A3-9474-1A3956D46DE8}") = "Presentation", "Presentation", "{8F05FB74-850A-4A98-958E-CBD4D4C91066}"
EndProject
Project("{2150E333-8FDC-42A3-9474-1A3956D46DE8}") = "Core", "Core", "{2CFF6FFB-4A3E-4903-9930-CA94A322BF88}"
EndProject
Project("{FAE04EC0-301F-11D3-BF4B-00C04F79EFBC}") = "MVC", "MVC\MVC.csproj", "{BFF455DC-90B4-4FC5-BF4E-446BD106A048}"
	ProjectSection(ProjectDependencies) = postProject
		{CDEDB44B-B190-4851-8FC1-03FFD2CE04C9} = {CDEDB44B-B190-4851-8FC1-03FFD2CE04C9}
	EndProjectSection
EndProject
Project("{FAE04EC0-301F-11D3-BF4B-00C04F79EFBC}") = "WebAPI", "WebAPI\WebAPI.csproj", "{34A64C55-A7B4-4D15-BAF7-5DD0254F5A98}"
EndProject
Project("{FAE04EC0-301F-11D3-BF4B-00C04F79EFBC}") = "Repository", "Repository\Repository.csproj", "{B20E538C-A9E4-4262-AD93-81885084084C}"
EndProject
Project("{FAE04EC0-301F-11D3-BF4B-00C04F79EFBC}") = "MVC2", "MVC2\MVC2.csproj", "{9B610BF7-2B64-477B-9297-C023E6A7B72B}"
	ProjectSection(ProjectDependencies) = postProject
		{CDEDB44B-B190-4851-8FC1-03FFD2CE04C9} = {CDEDB44B-B190-4851-8FC1-03FFD2CE04C9}
	EndProjectSection
EndProject
Global
	GlobalSection(SolutionConfigurationPlatforms) = preSolution
		Debug|Any CPU = Debug|Any CPU
		Release|Any CPU = Release|Any CPU
	EndGlobalSection
	GlobalSection(ProjectConfigurationPlatforms) = postSolution
		{CDEDB44B-B190-4851-8FC1-03FFD2CE04C9}.Debug|Any CPU.ActiveCfg = Debug|Any CPU
		{CDEDB44B-B190-4851-8FC1-03FFD2CE04C9}.Debug|Any CPU.Build.0 = Debug|Any CPU
		{CDEDB44B-B190-4851-8FC1-03FFD2CE04C9}.Release|Any CPU.ActiveCfg = Release|Any CPU
		{CDEDB44B-B190-4851-8FC1-03FFD2CE04C9}.Release|Any CPU.Build.0 = Release|Any CPU
		{19B7FF8F-081A-47B5-8CFB-558041DDD75D}.Debug|Any CPU.ActiveCfg = Debug|Any CPU
		{19B7FF8F-081A-47B5-8CFB-558041DDD75D}.Debug|Any CPU.Build.0 = Debug|Any CPU
		{19B7FF8F-081A-47B5-8CFB-558041DDD75D}.Release|Any CPU.ActiveCfg = Release|Any CPU
		{19B7FF8F-081A-47B5-8CFB-558041DDD75D}.Release|Any CPU.Build.0 = Release|Any CPU
		{F7B03603-A21C-45A9-91B5-49CCCC3E1CE6}.Debug|Any CPU.ActiveCfg = Debug|Any CPU
		{F7B03603-A21C-45A9-91B5-49CCCC3E1CE6}.Debug|Any CPU.Build.0 = Debug|Any CPU
		{F7B03603-A21C-45A9-91B5-49CCCC3E1CE6}.Release|Any CPU.ActiveCfg = Release|Any CPU
		{F7B03603-A21C-45A9-91B5-49CCCC3E1CE6}.Release|Any CPU.Build.0 = Release|Any CPU
		{BFF455DC-90B4-4FC5-BF4E-446BD106A048}.Debug|Any CPU.ActiveCfg = Debug|Any CPU
		{BFF455DC-90B4-4FC5-BF4E-446BD106A048}.Debug|Any CPU.Build.0 = Debug|Any CPU
		{BFF455DC-90B4-4FC5-BF4E-446BD106A048}.Release|Any CPU.ActiveCfg = Release|Any CPU
		{BFF455DC-90B4-4FC5-BF4E-446BD106A048}.Release|Any CPU.Build.0 = Release|Any CPU
		{34A64C55-A7B4-4D15-BAF7-5DD0254F5A98}.Debug|Any CPU.ActiveCfg = Debug|Any CPU
		{34A64C55-A7B4-4D15-BAF7-5DD0254F5A98}.Debug|Any CPU.Build.0 = Debug|Any CPU
		{34A64C55-A7B4-4D15-BAF7-5DD0254F5A98}.Release|Any CPU.ActiveCfg = Release|Any CPU
		{34A64C55-A7B4-4D15-BAF7-5DD0254F5A98}.Release|Any CPU.Build.0 = Release|Any CPU
		{B20E538C-A9E4-4262-AD93-81885084084C}.Debug|Any CPU.ActiveCfg = Debug|Any CPU
		{B20E538C-A9E4-4262-AD93-81885084084C}.Debug|Any CPU.Build.0 = Debug|Any CPU
		{B20E538C-A9E4-4262-AD93-81885084084C}.Release|Any CPU.ActiveCfg = Release|Any CPU
		{B20E538C-A9E4-4262-AD93-81885084084C}.Release|Any CPU.Build.0 = Release|Any CPU
		{9B610BF7-2B64-477B-9297-C023E6A7B72B}.Debug|Any CPU.ActiveCfg = Debug|Any CPU
		{9B610BF7-2B64-477B-9297-C023E6A7B72B}.Debug|Any CPU.Build.0 = Debug|Any CPU
		{9B610BF7-2B64-477B-9297-C023E6A7B72B}.Release|Any CPU.ActiveCfg = Release|Any CPU
		{9B610BF7-2B64-477B-9297-C023E6A7B72B}.Release|Any CPU.Build.0 = Release|Any CPU
	EndGlobalSection
	GlobalSection(SolutionProperties) = preSolution
		HideSolutionNode = FALSE
	EndGlobalSection
	GlobalSection(NestedProjects) = preSolution
		{CDEDB44B-B190-4851-8FC1-03FFD2CE04C9} = {8F05FB74-850A-4A98-958E-CBD4D4C91066}
		{19B7FF8F-081A-47B5-8CFB-558041DDD75D} = {2CFF6FFB-4A3E-4903-9930-CA94A322BF88}
		{F7B03603-A21C-45A9-91B5-49CCCC3E1CE6} = {2CFF6FFB-4A3E-4903-9930-CA94A322BF88}
		{BFF455DC-90B4-4FC5-BF4E-446BD106A048} = {8F05FB74-850A-4A98-958E-CBD4D4C91066}
		{34A64C55-A7B4-4D15-BAF7-5DD0254F5A98} = {8F05FB74-850A-4A98-958E-CBD4D4C91066}
		{B20E538C-A9E4-4262-AD93-81885084084C} = {2CFF6FFB-4A3E-4903-9930-CA94A322BF88}
		{9B610BF7-2B64-477B-9297-C023E6A7B72B} = {8F05FB74-850A-4A98-958E-CBD4D4C91066}
	EndGlobalSection
	GlobalSection(ExtensibilityGlobals) = postSolution
		SolutionGuid = {AC64C454-ABC4-4440-820E-B0CDE11CDF9E}
	EndGlobalSection
EndGlobal
